
Microsoft Visual Studio Solution File, Format Version 12.00
Project("{FAE04EC0-301F-11D3-BF4B-00C04F79EFBC}") = "Downpour", "Downpour\Downpour.csproj", "{10D0A4DB-3A48-4BCB-86A7-135D3F80D08A}"
EndProject
Project("{F2A71F9B-5D33-465A-A702-920D77279786}") = "Downpour.Bencode", "Downpour.Bencode\Downpour.Bencode.fsproj", "{A040F38B-8E4C-4BC5-84CD-9DC015C74C47}"
EndProject
Project("{F2A71F9B-5D33-465A-A702-920D77279786}") = "Downpour.Bencode.Tests", "Downpour.Bencode.Tests\Downpour.Bencode.Tests.fsproj", "{2A8347C7-0766-4557-8F0A-3D0FC40E99DC}"
EndProject
Project("{F2A71F9B-5D33-465A-A702-920D77279786}") = "Downpour.Torrent", "Downpour.Torrent\Downpour.Torrent.fsproj", "{9167F9E3-524B-45F0-BC11-310D5AE89FA1}"
EndProject
Project("{F2A71F9B-5D33-465A-A702-920D77279786}") = "Downpour.Engine", "Downpour.Engine\Downpour.Engine.fsproj", "{AE6F404C-EAC9-465E-95C7-71B6A54D1533}"
EndProject
Project("{F2A71F9B-5D33-465A-A702-920D77279786}") = "Downpour.Tracker", "Downpour.Tracker\Downpour.Tracker.fsproj", "{0879A147-329E-4BD5-9788-DEC70E02D2D6}"
EndProject
Project("{F2A71F9B-5D33-465A-A702-920D77279786}") = "Downpour.Protocol", "Downpour.Protocol\Downpour.Protocol.fsproj", "{06FAEB2D-DD93-470B-9CF8-666D231D85FE}"
EndProject
Project("{F2A71F9B-5D33-465A-A702-920D77279786}") = "Downpour.Torrent.Tests", "Downpour.Torrent.Tests\Downpour.Torrent.Tests.fsproj", "{955019BD-9EFC-4DC1-A9FA-CC31D55315A1}"
EndProject
Project("{FAE04EC0-301F-11D3-BF4B-00C04F79EFBC}") = "Downpour.Storage", "Downpour.Storage\Downpour.Storage.csproj", "{07F961C2-078D-448F-A4C8-65E579BAB692}"
EndProject
Global
	GlobalSection(SolutionConfigurationPlatforms) = preSolution
		Debug|Any CPU = Debug|Any CPU
		Release|Any CPU = Release|Any CPU
	EndGlobalSection
	GlobalSection(ProjectConfigurationPlatforms) = postSolution
		{10D0A4DB-3A48-4BCB-86A7-135D3F80D08A}.Debug|Any CPU.ActiveCfg = Debug|Any CPU
		{10D0A4DB-3A48-4BCB-86A7-135D3F80D08A}.Debug|Any CPU.Build.0 = Debug|Any CPU
		{10D0A4DB-3A48-4BCB-86A7-135D3F80D08A}.Release|Any CPU.ActiveCfg = Release|Any CPU
		{10D0A4DB-3A48-4BCB-86A7-135D3F80D08A}.Release|Any CPU.Build.0 = Release|Any CPU
		{A040F38B-8E4C-4BC5-84CD-9DC015C74C47}.Debug|Any CPU.ActiveCfg = Debug|Any CPU
		{A040F38B-8E4C-4BC5-84CD-9DC015C74C47}.Debug|Any CPU.Build.0 = Debug|Any CPU
		{A040F38B-8E4C-4BC5-84CD-9DC015C74C47}.Release|Any CPU.ActiveCfg = Release|Any CPU
		{A040F38B-8E4C-4BC5-84CD-9DC015C74C47}.Release|Any CPU.Build.0 = Release|Any CPU
		{2A8347C7-0766-4557-8F0A-3D0FC40E99DC}.Debug|Any CPU.ActiveCfg = Debug|Any CPU
		{2A8347C7-0766-4557-8F0A-3D0FC40E99DC}.Debug|Any CPU.Build.0 = Debug|Any CPU
		{2A8347C7-0766-4557-8F0A-3D0FC40E99DC}.Release|Any CPU.ActiveCfg = Release|Any CPU
		{2A8347C7-0766-4557-8F0A-3D0FC40E99DC}.Release|Any CPU.Build.0 = Release|Any CPU
		{9167F9E3-524B-45F0-BC11-310D5AE89FA1}.Debug|Any CPU.ActiveCfg = Debug|Any CPU
		{9167F9E3-524B-45F0-BC11-310D5AE89FA1}.Debug|Any CPU.Build.0 = Debug|Any CPU
		{9167F9E3-524B-45F0-BC11-310D5AE89FA1}.Release|Any CPU.ActiveCfg = Release|Any CPU
		{9167F9E3-524B-45F0-BC11-310D5AE89FA1}.Release|Any CPU.Build.0 = Release|Any CPU
		{AE6F404C-EAC9-465E-95C7-71B6A54D1533}.Debug|Any CPU.ActiveCfg = Debug|Any CPU
		{AE6F404C-EAC9-465E-95C7-71B6A54D1533}.Debug|Any CPU.Build.0 = Debug|Any CPU
		{AE6F404C-EAC9-465E-95C7-71B6A54D1533}.Release|Any CPU.ActiveCfg = Release|Any CPU
		{AE6F404C-EAC9-465E-95C7-71B6A54D1533}.Release|Any CPU.Build.0 = Release|Any CPU
		{0879A147-329E-4BD5-9788-DEC70E02D2D6}.Debug|Any CPU.ActiveCfg = Debug|Any CPU
		{0879A147-329E-4BD5-9788-DEC70E02D2D6}.Debug|Any CPU.Build.0 = Debug|Any CPU
		{0879A147-329E-4BD5-9788-DEC70E02D2D6}.Release|Any CPU.ActiveCfg = Release|Any CPU
		{0879A147-329E-4BD5-9788-DEC70E02D2D6}.Release|Any CPU.Build.0 = Release|Any CPU
		{06FAEB2D-DD93-470B-9CF8-666D231D85FE}.Debug|Any CPU.ActiveCfg = Debug|Any CPU
		{06FAEB2D-DD93-470B-9CF8-666D231D85FE}.Debug|Any CPU.Build.0 = Debug|Any CPU
		{06FAEB2D-DD93-470B-9CF8-666D231D85FE}.Release|Any CPU.ActiveCfg = Release|Any CPU
		{06FAEB2D-DD93-470B-9CF8-666D231D85FE}.Release|Any CPU.Build.0 = Release|Any CPU
		{955019BD-9EFC-4DC1-A9FA-CC31D55315A1}.Debug|Any CPU.ActiveCfg = Debug|Any CPU
		{955019BD-9EFC-4DC1-A9FA-CC31D55315A1}.Debug|Any CPU.Build.0 = Debug|Any CPU
		{955019BD-9EFC-4DC1-A9FA-CC31D55315A1}.Release|Any CPU.ActiveCfg = Release|Any CPU
		{955019BD-9EFC-4DC1-A9FA-CC31D55315A1}.Release|Any CPU.Build.0 = Release|Any CPU
		{07F961C2-078D-448F-A4C8-65E579BAB692}.Debug|Any CPU.ActiveCfg = Debug|Any CPU
		{07F961C2-078D-448F-A4C8-65E579BAB692}.Debug|Any CPU.Build.0 = Debug|Any CPU
		{07F961C2-078D-448F-A4C8-65E579BAB692}.Release|Any CPU.ActiveCfg = Release|Any CPU
		{07F961C2-078D-448F-A4C8-65E579BAB692}.Release|Any CPU.Build.0 = Release|Any CPU
	EndGlobalSection
EndGlobal
